{
  "name": "ts-clasp",
  "lockfileVersion": 3,
  "requires": true,
  "packages": {
    "": {
      "dependencies": {
        "@types/google-apps-script": "^1.0.78"
      }
    },
    "node_modules/@types/google-apps-script": {
      "version": "1.0.78",
      "resolved": "https://registry.npmjs.org/@types/google-apps-script/-/google-apps-script-1.0.78.tgz",
      "integrity": "sha512-JOTy4vjBQ+HfdtJMkfcNF5WM8RC3R6SVp90bd8BCFvNWSaQ7zzP3abOLuJSCwQHjt0hWftofckvhwEcZjZ4hcQ=="
    }
  }
}
